// !$*UTF8*$!
{
	archiveVersion = 1;
	classes = {
	};
	objectVersion = 50;
	objects = {

/* Begin PBXBuildFile section */
		402A625E228AC129002D2DD8 /* MyPostViewController.swift in Sources */ = {isa = PBXBuildFile; fileRef = 402A625D228AC129002D2DD8 /* MyPostViewController.swift */; };
		402A6260228AC15C002D2DD8 /* CameraViewController.swift in Sources */ = {isa = PBXBuildFile; fileRef = 402A625F228AC15C002D2DD8 /* CameraViewController.swift */; };
		402A6262228AC16D002D2DD8 /* SettingViewController.swift in Sources */ = {isa = PBXBuildFile; fileRef = 402A6261228AC16D002D2DD8 /* SettingViewController.swift */; };
		402A6264228AC181002D2DD8 /* QrcodeViewController.swift in Sources */ = {isa = PBXBuildFile; fileRef = 402A6263228AC181002D2DD8 /* QrcodeViewController.swift */; };
		402A6266228AC190002D2DD8 /* GroupViewController.swift in Sources */ = {isa = PBXBuildFile; fileRef = 402A6265228AC190002D2DD8 /* GroupViewController.swift */; };
		402A626A228AD37C002D2DD8 /* ChooseGroupViewController.swift in Sources */ = {isa = PBXBuildFile; fileRef = 402A6269228AD37C002D2DD8 /* ChooseGroupViewController.swift */; };
		402A626C228ADA1E002D2DD8 /* Friend.swift in Sources */ = {isa = PBXBuildFile; fileRef = 402A626B228ADA1E002D2DD8 /* Friend.swift */; };
		4058E25A22A67E04009553E9 /* AddGroupViewController.swift in Sources */ = {isa = PBXBuildFile; fileRef = 4058E25922A67E04009553E9 /* AddGroupViewController.swift */; };
		4058E26F22A685F6009553E9 /* AddGroupCustomCell.swift in Sources */ = {isa = PBXBuildFile; fileRef = 4058E26D22A685F6009553E9 /* AddGroupCustomCell.swift */; };
		4058E27022A685F6009553E9 /* AddGroupCustomCell.xib in Resources */ = {isa = PBXBuildFile; fileRef = 4058E26E22A685F6009553E9 /* AddGroupCustomCell.xib */; };
		406D518D22486FAD0051086E /* AppDelegate.swift in Sources */ = {isa = PBXBuildFile; fileRef = 406D518C22486FAD0051086E /* AppDelegate.swift */; };
		406D519222486FAD0051086E /* Main.storyboard in Resources */ = {isa = PBXBuildFile; fileRef = 406D519022486FAD0051086E /* Main.storyboard */; };
		406D519422486FAE0051086E /* Assets.xcassets in Resources */ = {isa = PBXBuildFile; fileRef = 406D519322486FAE0051086E /* Assets.xcassets */; };
		406D519722486FAE0051086E /* LaunchScreen.storyboard in Resources */ = {isa = PBXBuildFile; fileRef = 406D519522486FAE0051086E /* LaunchScreen.storyboard */; };
		406D51A222486FAE0051086E /* FavoriteSNSTests.swift in Sources */ = {isa = PBXBuildFile; fileRef = 406D51A122486FAE0051086E /* FavoriteSNSTests.swift */; };
		406D51AD22486FAE0051086E /* FavoriteSNSUITests.swift in Sources */ = {isa = PBXBuildFile; fileRef = 406D51AC22486FAE0051086E /* FavoriteSNSUITests.swift */; };
		4074E38522A663200027BDD4 /* yellowStar.png in Resources */ = {isa = PBXBuildFile; fileRef = 4074E38322A663200027BDD4 /* yellowStar.png */; };
		4074E38622A663200027BDD4 /* star.png in Resources */ = {isa = PBXBuildFile; fileRef = 4074E38422A663200027BDD4 /* star.png */; };
		4074E38922A66B6B0027BDD4 /* MyPostTableViewCell.swift in Sources */ = {isa = PBXBuildFile; fileRef = 4074E38722A66B6B0027BDD4 /* MyPostTableViewCell.swift */; };
		4074E38A22A66B6B0027BDD4 /* MyPostTableViewCell.xib in Resources */ = {isa = PBXBuildFile; fileRef = 4074E38822A66B6B0027BDD4 /* MyPostTableViewCell.xib */; };
		4074E38F22A6766B0027BDD4 /* CustomCell.swift in Sources */ = {isa = PBXBuildFile; fileRef = 4074E38D22A6766B0027BDD4 /* CustomCell.swift */; };
		4074E39022A6766B0027BDD4 /* CustomCell.xib in Resources */ = {isa = PBXBuildFile; fileRef = 4074E38E22A6766B0027BDD4 /* CustomCell.xib */; };
		40BC7F48224873B0005EC53C /* TopViewController.swift in Sources */ = {isa = PBXBuildFile; fileRef = 40BC7F47224873B0005EC53C /* TopViewController.swift */; };
		40BC7F532248B07D005EC53C /* Util.swift in Sources */ = {isa = PBXBuildFile; fileRef = 40BC7F522248B07D005EC53C /* Util.swift */; };
		40BC7F562248B493005EC53C /* Extension.swift in Sources */ = {isa = PBXBuildFile; fileRef = 40BC7F552248B493005EC53C /* Extension.swift */; };
		40BC7F5B2248CAEF005EC53C /* TimeLineViewController.swift in Sources */ = {isa = PBXBuildFile; fileRef = 40BC7F5A2248CAEF005EC53C /* TimeLineViewController.swift */; };
		40BC7F5D2249B6CF005EC53C /* MakeGroupViewController.swift in Sources */ = {isa = PBXBuildFile; fileRef = 40BC7F5C2249B6CF005EC53C /* MakeGroupViewController.swift */; };
		40BC7F632249BBDB005EC53C /* User.swift in Sources */ = {isa = PBXBuildFile; fileRef = 40BC7F622249BBDB005EC53C /* User.swift */; };
		40BC7F652249CDB1005EC53C /* MakeContentsViewController.swift in Sources */ = {isa = PBXBuildFile; fileRef = 40BC7F642249CDB1005EC53C /* MakeContentsViewController.swift */; };
		40BC7F6B224B15E7005EC53C /* FriendPostTableViewCell.swift in Sources */ = {isa = PBXBuildFile; fileRef = 40BC7F69224B15E7005EC53C /* FriendPostTableViewCell.swift */; };
		40BC7F6C224B15E7005EC53C /* FriendPostTableViewCell.xib in Resources */ = {isa = PBXBuildFile; fileRef = 40BC7F6A224B15E7005EC53C /* FriendPostTableViewCell.xib */; };
		40BC7F6E224B1DC6005EC53C /* Post.swift in Sources */ = {isa = PBXBuildFile; fileRef = 40BC7F6D224B1DC6005EC53C /* Post.swift */; };
		40BC7F72224B5ED2005EC53C /* MenuItemViewController.swift in Sources */ = {isa = PBXBuildFile; fileRef = 40BC7F71224B5ED2005EC53C /* MenuItemViewController.swift */; };
		40BC7F74224B5FE6005EC53C /* QRViewController.swift in Sources */ = {isa = PBXBuildFile; fileRef = 40BC7F73224B5FE6005EC53C /* QRViewController.swift */; };
		40BC7F7D224B6197005EC53C /* MenuItemTableViewCell.swift in Sources */ = {isa = PBXBuildFile; fileRef = 40BC7F7B224B6197005EC53C /* MenuItemTableViewCell.swift */; };
		40BC7F7E224B6197005EC53C /* MenuItemTableViewCell.xib in Resources */ = {isa = PBXBuildFile; fileRef = 40BC7F7C224B6197005EC53C /* MenuItemTableViewCell.xib */; };
		40BC7F81224B62E6005EC53C /* CustomDelegate.swift in Sources */ = {isa = PBXBuildFile; fileRef = 40BC7F80224B62E6005EC53C /* CustomDelegate.swift */; };
		40BC7F83224C50DF005EC53C /* TimeLine.png in Resources */ = {isa = PBXBuildFile; fileRef = 40BC7F82224C50DF005EC53C /* TimeLine.png */; };
		40BC7F86224C51B6005EC53C /* TopView.png in Resources */ = {isa = PBXBuildFile; fileRef = 40BC7F85224C51B6005EC53C /* TopView.png */; };
		40BC7F88224C54E4005EC53C /* pinkhearts.png in Resources */ = {isa = PBXBuildFile; fileRef = 40BC7F87224C54E3005EC53C /* pinkhearts.png */; };
		577FEDBBA4DCB26C02ADBCB2 /* Pods_FavoriteSNS.framework in Frameworks */ = {isa = PBXBuildFile; fileRef = 3DB3D5F8A21BABFE255C0BC8 /* Pods_FavoriteSNS.framework */; };
		AAF6BCEE224C5EDF007290D0 /* GoogleService-Info.plist in Resources */ = {isa = PBXBuildFile; fileRef = AAF6BCED224C5EDF007290D0 /* GoogleService-Info.plist */; };
		AAF6BCF0224C639D007290D0 /* setting sun.JPG in Resources */ = {isa = PBXBuildFile; fileRef = AAF6BCEF224C639D007290D0 /* setting sun.JPG */; };
/* End PBXBuildFile section */

/* Begin PBXContainerItemProxy section */
		406D519E22486FAE0051086E /* PBXContainerItemProxy */ = {
			isa = PBXContainerItemProxy;
			containerPortal = 406D518122486FAD0051086E /* Project object */;
			proxyType = 1;
			remoteGlobalIDString = 406D518822486FAD0051086E;
			remoteInfo = FavoriteSNS;
		};
		406D51A922486FAE0051086E /* PBXContainerItemProxy */ = {
			isa = PBXContainerItemProxy;
			containerPortal = 406D518122486FAD0051086E /* Project object */;
			proxyType = 1;
			remoteGlobalIDString = 406D518822486FAD0051086E;
			remoteInfo = FavoriteSNS;
		};
/* End PBXContainerItemProxy section */

/* Begin PBXFileReference section */
		2E7ADF7DABFC240C6CA45CAA /* Pods-FavoriteSNS.debug.xcconfig */ = {isa = PBXFileReference; includeInIndex = 1; lastKnownFileType = text.xcconfig; name = "Pods-FavoriteSNS.debug.xcconfig"; path = "Pods/Target Support Files/Pods-FavoriteSNS/Pods-FavoriteSNS.debug.xcconfig"; sourceTree = "<group>"; };
		3DB3D5F8A21BABFE255C0BC8 /* Pods_FavoriteSNS.framework */ = {isa = PBXFileReference; explicitFileType = wrapper.framework; includeInIndex = 0; path = Pods_FavoriteSNS.framework; sourceTree = BUILT_PRODUCTS_DIR; };
		402A625D228AC129002D2DD8 /* MyPostViewController.swift */ = {isa = PBXFileReference; lastKnownFileType = sourcecode.swift; path = MyPostViewController.swift; sourceTree = "<group>"; };
		402A625F228AC15C002D2DD8 /* CameraViewController.swift */ = {isa = PBXFileReference; lastKnownFileType = sourcecode.swift; path = CameraViewController.swift; sourceTree = "<group>"; };
		402A6261228AC16D002D2DD8 /* SettingViewController.swift */ = {isa = PBXFileReference; lastKnownFileType = sourcecode.swift; path = SettingViewController.swift; sourceTree = "<group>"; };
		402A6263228AC181002D2DD8 /* QrcodeViewController.swift */ = {isa = PBXFileReference; lastKnownFileType = sourcecode.swift; path = QrcodeViewController.swift; sourceTree = "<group>"; };
		402A6265228AC190002D2DD8 /* GroupViewController.swift */ = {isa = PBXFileReference; lastKnownFileType = sourcecode.swift; path = GroupViewController.swift; sourceTree = "<group>"; };
		402A6269228AD37C002D2DD8 /* ChooseGroupViewController.swift */ = {isa = PBXFileReference; lastKnownFileType = sourcecode.swift; path = ChooseGroupViewController.swift; sourceTree = "<group>"; };
		402A626B228ADA1E002D2DD8 /* Friend.swift */ = {isa = PBXFileReference; lastKnownFileType = sourcecode.swift; path = Friend.swift; sourceTree = "<group>"; };
		4058E25922A67E04009553E9 /* AddGroupViewController.swift */ = {isa = PBXFileReference; lastKnownFileType = sourcecode.swift; path = AddGroupViewController.swift; sourceTree = "<group>"; };
		4058E26D22A685F6009553E9 /* AddGroupCustomCell.swift */ = {isa = PBXFileReference; lastKnownFileType = sourcecode.swift; path = AddGroupCustomCell.swift; sourceTree = "<group>"; };
		4058E26E22A685F6009553E9 /* AddGroupCustomCell.xib */ = {isa = PBXFileReference; lastKnownFileType = file.xib; path = AddGroupCustomCell.xib; sourceTree = "<group>"; };
		406D518922486FAD0051086E /* FavoriteSNS.app */ = {isa = PBXFileReference; explicitFileType = wrapper.application; includeInIndex = 0; path = FavoriteSNS.app; sourceTree = BUILT_PRODUCTS_DIR; };
		406D518C22486FAD0051086E /* AppDelegate.swift */ = {isa = PBXFileReference; lastKnownFileType = sourcecode.swift; path = AppDelegate.swift; sourceTree = "<group>"; };
		406D519122486FAD0051086E /* Base */ = {isa = PBXFileReference; lastKnownFileType = file.storyboard; name = Base; path = Base.lproj/Main.storyboard; sourceTree = "<group>"; };
		406D519322486FAE0051086E /* Assets.xcassets */ = {isa = PBXFileReference; lastKnownFileType = folder.assetcatalog; path = Assets.xcassets; sourceTree = "<group>"; };
		406D519622486FAE0051086E /* Base */ = {isa = PBXFileReference; lastKnownFileType = file.storyboard; name = Base; path = Base.lproj/LaunchScreen.storyboard; sourceTree = "<group>"; };
		406D519822486FAE0051086E /* Info.plist */ = {isa = PBXFileReference; lastKnownFileType = text.plist.xml; path = Info.plist; sourceTree = "<group>"; };
		406D519D22486FAE0051086E /* FavoriteSNSTests.xctest */ = {isa = PBXFileReference; explicitFileType = wrapper.cfbundle; includeInIndex = 0; path = FavoriteSNSTests.xctest; sourceTree = BUILT_PRODUCTS_DIR; };
		406D51A122486FAE0051086E /* FavoriteSNSTests.swift */ = {isa = PBXFileReference; lastKnownFileType = sourcecode.swift; path = FavoriteSNSTests.swift; sourceTree = "<group>"; };
		406D51A322486FAE0051086E /* Info.plist */ = {isa = PBXFileReference; lastKnownFileType = text.plist.xml; path = Info.plist; sourceTree = "<group>"; };
		406D51A822486FAE0051086E /* FavoriteSNSUITests.xctest */ = {isa = PBXFileReference; explicitFileType = wrapper.cfbundle; includeInIndex = 0; path = FavoriteSNSUITests.xctest; sourceTree = BUILT_PRODUCTS_DIR; };
		406D51AC22486FAE0051086E /* FavoriteSNSUITests.swift */ = {isa = PBXFileReference; lastKnownFileType = sourcecode.swift; path = FavoriteSNSUITests.swift; sourceTree = "<group>"; };
		406D51AE22486FAE0051086E /* Info.plist */ = {isa = PBXFileReference; lastKnownFileType = text.plist.xml; path = Info.plist; sourceTree = "<group>"; };
		4074E38322A663200027BDD4 /* yellowStar.png */ = {isa = PBXFileReference; lastKnownFileType = image.png; path = yellowStar.png; sourceTree = "<group>"; };
		4074E38422A663200027BDD4 /* star.png */ = {isa = PBXFileReference; lastKnownFileType = image.png; path = star.png; sourceTree = "<group>"; };
		4074E38722A66B6B0027BDD4 /* MyPostTableViewCell.swift */ = {isa = PBXFileReference; lastKnownFileType = sourcecode.swift; path = MyPostTableViewCell.swift; sourceTree = "<group>"; };
		4074E38822A66B6B0027BDD4 /* MyPostTableViewCell.xib */ = {isa = PBXFileReference; lastKnownFileType = file.xib; path = MyPostTableViewCell.xib; sourceTree = "<group>"; };
		4074E38D22A6766B0027BDD4 /* CustomCell.swift */ = {isa = PBXFileReference; lastKnownFileType = sourcecode.swift; path = CustomCell.swift; sourceTree = "<group>"; };
		4074E38E22A6766B0027BDD4 /* CustomCell.xib */ = {isa = PBXFileReference; lastKnownFileType = file.xib; path = CustomCell.xib; sourceTree = "<group>"; };
		40BC7F47224873B0005EC53C /* TopViewController.swift */ = {isa = PBXFileReference; lastKnownFileType = sourcecode.swift; path = TopViewController.swift; sourceTree = "<group>"; };
		40BC7F522248B07D005EC53C /* Util.swift */ = {isa = PBXFileReference; lastKnownFileType = sourcecode.swift; path = Util.swift; sourceTree = "<group>"; };
		40BC7F552248B493005EC53C /* Extension.swift */ = {isa = PBXFileReference; lastKnownFileType = sourcecode.swift; path = Extension.swift; sourceTree = "<group>"; };
		40BC7F5A2248CAEF005EC53C /* TimeLineViewController.swift */ = {isa = PBXFileReference; lastKnownFileType = sourcecode.swift; path = TimeLineViewController.swift; sourceTree = "<group>"; };
		40BC7F5C2249B6CF005EC53C /* MakeGroupViewController.swift */ = {isa = PBXFileReference; lastKnownFileType = sourcecode.swift; path = MakeGroupViewController.swift; sourceTree = "<group>"; };
		40BC7F622249BBDB005EC53C /* User.swift */ = {isa = PBXFileReference; lastKnownFileType = sourcecode.swift; path = User.swift; sourceTree = "<group>"; };
		40BC7F642249CDB1005EC53C /* MakeContentsViewController.swift */ = {isa = PBXFileReference; lastKnownFileType = sourcecode.swift; path = MakeContentsViewController.swift; sourceTree = "<group>"; };
		40BC7F69224B15E7005EC53C /* FriendPostTableViewCell.swift */ = {isa = PBXFileReference; lastKnownFileType = sourcecode.swift; path = FriendPostTableViewCell.swift; sourceTree = "<group>"; };
		40BC7F6A224B15E7005EC53C /* FriendPostTableViewCell.xib */ = {isa = PBXFileReference; lastKnownFileType = file.xib; path = FriendPostTableViewCell.xib; sourceTree = "<group>"; };
		40BC7F6D224B1DC6005EC53C /* Post.swift */ = {isa = PBXFileReference; lastKnownFileType = sourcecode.swift; path = Post.swift; sourceTree = "<group>"; };
		40BC7F71224B5ED2005EC53C /* MenuItemViewController.swift */ = {isa = PBXFileReference; lastKnownFileType = sourcecode.swift; path = MenuItemViewController.swift; sourceTree = "<group>"; };
		40BC7F73224B5FE6005EC53C /* QRViewController.swift */ = {isa = PBXFileReference; lastKnownFileType = sourcecode.swift; path = QRViewController.swift; sourceTree = "<group>"; };
		40BC7F7B224B6197005EC53C /* MenuItemTableViewCell.swift */ = {isa = PBXFileReference; lastKnownFileType = sourcecode.swift; path = MenuItemTableViewCell.swift; sourceTree = "<group>"; };
		40BC7F7C224B6197005EC53C /* MenuItemTableViewCell.xib */ = {isa = PBXFileReference; lastKnownFileType = file.xib; path = MenuItemTableViewCell.xib; sourceTree = "<group>"; };
		40BC7F80224B62E6005EC53C /* CustomDelegate.swift */ = {isa = PBXFileReference; lastKnownFileType = sourcecode.swift; path = CustomDelegate.swift; sourceTree = "<group>"; };
		40BC7F82224C50DF005EC53C /* TimeLine.png */ = {isa = PBXFileReference; lastKnownFileType = image.png; path = TimeLine.png; sourceTree = "<group>"; };
		40BC7F85224C51B6005EC53C /* TopView.png */ = {isa = PBXFileReference; lastKnownFileType = image.png; path = TopView.png; sourceTree = "<group>"; };
		40BC7F87224C54E3005EC53C /* pinkhearts.png */ = {isa = PBXFileReference; lastKnownFileType = image.png; path = pinkhearts.png; sourceTree = "<group>"; };
		53C18270F5AD1553742D5804 /* Pods-FavoriteSNS.release.xcconfig */ = {isa = PBXFileReference; includeInIndex = 1; lastKnownFileType = text.xcconfig; name = "Pods-FavoriteSNS.release.xcconfig"; path = "Pods/Target Support Files/Pods-FavoriteSNS/Pods-FavoriteSNS.release.xcconfig"; sourceTree = "<group>"; };
		AAF6BCED224C5EDF007290D0 /* GoogleService-Info.plist */ = {isa = PBXFileReference; fileEncoding = 4; lastKnownFileType = text.plist.xml; path = "GoogleService-Info.plist"; sourceTree = "<group>"; };
		AAF6BCEF224C639D007290D0 /* setting sun.JPG */ = {isa = PBXFileReference; lastKnownFileType = image.jpeg; path = "setting sun.JPG"; sourceTree = "<group>"; };
/* End PBXFileReference section */

/* Begin PBXFrameworksBuildPhase section */
		406D518622486FAD0051086E /* Frameworks */ = {
			isa = PBXFrameworksBuildPhase;
			buildActionMask = 2147483647;
			files = (
				577FEDBBA4DCB26C02ADBCB2 /* Pods_FavoriteSNS.framework in Frameworks */,
			);
			runOnlyForDeploymentPostprocessing = 0;
		};
		406D519A22486FAE0051086E /* Frameworks */ = {
			isa = PBXFrameworksBuildPhase;
			buildActionMask = 2147483647;
			files = (
			);
			runOnlyForDeploymentPostprocessing = 0;
		};
		406D51A522486FAE0051086E /* Frameworks */ = {
			isa = PBXFrameworksBuildPhase;
			buildActionMask = 2147483647;
			files = (
			);
			runOnlyForDeploymentPostprocessing = 0;
		};
/* End PBXFrameworksBuildPhase section */

/* Begin PBXGroup section */
		406D518022486FAD0051086E = {
			isa = PBXGroup;
			children = (
				406D518B22486FAD0051086E /* FavoriteSNS */,
				406D51A022486FAE0051086E /* FavoriteSNSTests */,
				406D51AB22486FAE0051086E /* FavoriteSNSUITests */,
				406D518A22486FAD0051086E /* Products */,
				FA970265D42170E287E39EC9 /* Pods */,
				BF28D567DE1D2D24E0CE3EC9 /* Frameworks */,
			);
			sourceTree = "<group>";
		};
		406D518A22486FAD0051086E /* Products */ = {
			isa = PBXGroup;
			children = (
				406D518922486FAD0051086E /* FavoriteSNS.app */,
				406D519D22486FAE0051086E /* FavoriteSNSTests.xctest */,
				406D51A822486FAE0051086E /* FavoriteSNSUITests.xctest */,
			);
			name = Products;
			sourceTree = "<group>";
		};
		406D518B22486FAD0051086E /* FavoriteSNS */ = {
			isa = PBXGroup;
			children = (
				40BC7F84224C50E2005EC53C /* Image */,
				40BC7F7F224B62A7005EC53C /* Delegate */,
				40BC7F66224B1530005EC53C /* CustomLayout */,
				40BC7F612249BBC7005EC53C /* Model */,
				40BC7F542248B46B005EC53C /* Extension */,
				40BC7F512248B05C005EC53C /*  Util */,
				40BC7F4622487333005EC53C /* ViewController */,
				406D518C22486FAD0051086E /* AppDelegate.swift */,
				406D519022486FAD0051086E /* Main.storyboard */,
				406D519322486FAE0051086E /* Assets.xcassets */,
				AAF6BCED224C5EDF007290D0 /* GoogleService-Info.plist */,
				406D519522486FAE0051086E /* LaunchScreen.storyboard */,
				406D519822486FAE0051086E /* Info.plist */,
			);
			path = FavoriteSNS;
			sourceTree = "<group>";
		};
		406D51A022486FAE0051086E /* FavoriteSNSTests */ = {
			isa = PBXGroup;
			children = (
				406D51A122486FAE0051086E /* FavoriteSNSTests.swift */,
				406D51A322486FAE0051086E /* Info.plist */,
			);
			path = FavoriteSNSTests;
			sourceTree = "<group>";
		};
		406D51AB22486FAE0051086E /* FavoriteSNSUITests */ = {
			isa = PBXGroup;
			children = (
				406D51AC22486FAE0051086E /* FavoriteSNSUITests.swift */,
				406D51AE22486FAE0051086E /* Info.plist */,
			);
			path = FavoriteSNSUITests;
			sourceTree = "<group>";
		};
		40BC7F4622487333005EC53C /* ViewController */ = {
			isa = PBXGroup;
			children = (
				40BC7F47224873B0005EC53C /* TopViewController.swift */,
				40BC7F5C2249B6CF005EC53C /* MakeGroupViewController.swift */,
				40BC7F5A2248CAEF005EC53C /* TimeLineViewController.swift */,
				40BC7F642249CDB1005EC53C /* MakeContentsViewController.swift */,
				40BC7F71224B5ED2005EC53C /* MenuItemViewController.swift */,
				40BC7F73224B5FE6005EC53C /* QRViewController.swift */,
				402A625D228AC129002D2DD8 /* MyPostViewController.swift */,
				402A625F228AC15C002D2DD8 /* CameraViewController.swift */,
				402A6263228AC181002D2DD8 /* QrcodeViewController.swift */,
				402A6265228AC190002D2DD8 /* GroupViewController.swift */,
				402A6269228AD37C002D2DD8 /* ChooseGroupViewController.swift */,
				402A6261228AC16D002D2DD8 /* SettingViewController.swift */,
				4058E25922A67E04009553E9 /* AddGroupViewController.swift */,
			);
			path = ViewController;
			sourceTree = "<group>";
		};
		40BC7F512248B05C005EC53C /*  Util */ = {
			isa = PBXGroup;
			children = (
				40BC7F522248B07D005EC53C /* Util.swift */,
			);
			path = " Util";
			sourceTree = "<group>";
		};
		40BC7F542248B46B005EC53C /* Extension */ = {
			isa = PBXGroup;
			children = (
				40BC7F552248B493005EC53C /* Extension.swift */,
			);
			path = Extension;
			sourceTree = "<group>";
		};
		40BC7F612249BBC7005EC53C /* Model */ = {
			isa = PBXGroup;
			children = (
				40BC7F622249BBDB005EC53C /* User.swift */,
				40BC7F6D224B1DC6005EC53C /* Post.swift */,
				402A626B228ADA1E002D2DD8 /* Friend.swift */,
			);
			path = Model;
			sourceTree = "<group>";
		};
		40BC7F66224B1530005EC53C /* CustomLayout */ = {
			isa = PBXGroup;
			children = (
				40BC7F69224B15E7005EC53C /* FriendPostTableViewCell.swift */,
				40BC7F6A224B15E7005EC53C /* FriendPostTableViewCell.xib */,
				40BC7F7B224B6197005EC53C /* MenuItemTableViewCell.swift */,
				40BC7F7C224B6197005EC53C /* MenuItemTableViewCell.xib */,
				4074E38722A66B6B0027BDD4 /* MyPostTableViewCell.swift */,
				4074E38822A66B6B0027BDD4 /* MyPostTableViewCell.xib */,
				4074E38D22A6766B0027BDD4 /* CustomCell.swift */,
				4074E38E22A6766B0027BDD4 /* CustomCell.xib */,
				4058E26D22A685F6009553E9 /* AddGroupCustomCell.swift */,
				4058E26E22A685F6009553E9 /* AddGroupCustomCell.xib */,
			);
			path = CustomLayout;
			sourceTree = "<group>";
		};
		40BC7F7F224B62A7005EC53C /* Delegate */ = {
			isa = PBXGroup;
			children = (
				40BC7F80224B62E6005EC53C /* CustomDelegate.swift */,
			);
			path = Delegate;
			sourceTree = "<group>";
		};
		40BC7F84224C50E2005EC53C /* Image */ = {
			isa = PBXGroup;
			children = (
				AAF6BCEF224C639D007290D0 /* setting sun.JPG */,
				40BC7F82224C50DF005EC53C /* TimeLine.png */,
				40BC7F85224C51B6005EC53C /* TopView.png */,
				40BC7F87224C54E3005EC53C /* pinkhearts.png */,
				4074E38422A663200027BDD4 /* star.png */,
				4074E38322A663200027BDD4 /* yellowStar.png */,
			);
			path = Image;
			sourceTree = "<group>";
		};
		BF28D567DE1D2D24E0CE3EC9 /* Frameworks */ = {
			isa = PBXGroup;
			children = (
				3DB3D5F8A21BABFE255C0BC8 /* Pods_FavoriteSNS.framework */,
			);
			name = Frameworks;
			sourceTree = "<group>";
		};
		FA970265D42170E287E39EC9 /* Pods */ = {
			isa = PBXGroup;
			children = (
				2E7ADF7DABFC240C6CA45CAA /* Pods-FavoriteSNS.debug.xcconfig */,
				53C18270F5AD1553742D5804 /* Pods-FavoriteSNS.release.xcconfig */,
			);
			name = Pods;
			sourceTree = "<group>";
		};
/* End PBXGroup section */

/* Begin PBXNativeTarget section */
		406D518822486FAD0051086E /* FavoriteSNS */ = {
			isa = PBXNativeTarget;
			buildConfigurationList = 406D51B122486FAE0051086E /* Build configuration list for PBXNativeTarget "FavoriteSNS" */;
			buildPhases = (
				D3AD663A5ECE63214AE9521A /* [CP] Check Pods Manifest.lock */,
				406D518522486FAD0051086E /* Sources */,
				406D518622486FAD0051086E /* Frameworks */,
				406D518722486FAD0051086E /* Resources */,
				3CDCADD00B88CE21579ADD77 /* [CP] Embed Pods Frameworks */,
			);
			buildRules = (
			);
			dependencies = (
			);
			name = FavoriteSNS;
			productName = FavoriteSNS;
			productReference = 406D518922486FAD0051086E /* FavoriteSNS.app */;
			productType = "com.apple.product-type.application";
		};
		406D519C22486FAE0051086E /* FavoriteSNSTests */ = {
			isa = PBXNativeTarget;
			buildConfigurationList = 406D51B422486FAE0051086E /* Build configuration list for PBXNativeTarget "FavoriteSNSTests" */;
			buildPhases = (
				406D519922486FAE0051086E /* Sources */,
				406D519A22486FAE0051086E /* Frameworks */,
				406D519B22486FAE0051086E /* Resources */,
			);
			buildRules = (
			);
			dependencies = (
				406D519F22486FAE0051086E /* PBXTargetDependency */,
			);
			name = FavoriteSNSTests;
			productName = FavoriteSNSTests;
			productReference = 406D519D22486FAE0051086E /* FavoriteSNSTests.xctest */;
			productType = "com.apple.product-type.bundle.unit-test";
		};
		406D51A722486FAE0051086E /* FavoriteSNSUITests */ = {
			isa = PBXNativeTarget;
			buildConfigurationList = 406D51B722486FAE0051086E /* Build configuration list for PBXNativeTarget "FavoriteSNSUITests" */;
			buildPhases = (
				406D51A422486FAE0051086E /* Sources */,
				406D51A522486FAE0051086E /* Frameworks */,
				406D51A622486FAE0051086E /* Resources */,
			);
			buildRules = (
			);
			dependencies = (
				406D51AA22486FAE0051086E /* PBXTargetDependency */,
			);
			name = FavoriteSNSUITests;
			productName = FavoriteSNSUITests;
			productReference = 406D51A822486FAE0051086E /* FavoriteSNSUITests.xctest */;
			productType = "com.apple.product-type.bundle.ui-testing";
		};
/* End PBXNativeTarget section */

/* Begin PBXProject section */
		406D518122486FAD0051086E /* Project object */ = {
			isa = PBXProject;
			attributes = {
				LastSwiftUpdateCheck = 1010;
				LastUpgradeCheck = 1010;
				ORGANIZATIONNAME = "原田摩利奈";
				TargetAttributes = {
					406D518822486FAD0051086E = {
						CreatedOnToolsVersion = 10.1;
					};
					406D519C22486FAE0051086E = {
						CreatedOnToolsVersion = 10.1;
						TestTargetID = 406D518822486FAD0051086E;
					};
					406D51A722486FAE0051086E = {
						CreatedOnToolsVersion = 10.1;
						TestTargetID = 406D518822486FAD0051086E;
					};
				};
			};
			buildConfigurationList = 406D518422486FAD0051086E /* Build configuration list for PBXProject "FavoriteSNS" */;
			compatibilityVersion = "Xcode 9.3";
			developmentRegion = en;
			hasScannedForEncodings = 0;
			knownRegions = (
				en,
				Base,
			);
			mainGroup = 406D518022486FAD0051086E;
			productRefGroup = 406D518A22486FAD0051086E /* Products */;
			projectDirPath = "";
			projectRoot = "";
			targets = (
				406D518822486FAD0051086E /* FavoriteSNS */,
				406D519C22486FAE0051086E /* FavoriteSNSTests */,
				406D51A722486FAE0051086E /* FavoriteSNSUITests */,
			);
		};
/* End PBXProject section */

/* Begin PBXResourcesBuildPhase section */
		406D518722486FAD0051086E /* Resources */ = {
			isa = PBXResourcesBuildPhase;
			buildActionMask = 2147483647;
			files = (
				40BC7F6C224B15E7005EC53C /* FriendPostTableViewCell.xib in Resources */,
				40BC7F83224C50DF005EC53C /* TimeLine.png in Resources */,
				4074E39022A6766B0027BDD4 /* CustomCell.xib in Resources */,
				AAF6BCEE224C5EDF007290D0 /* GoogleService-Info.plist in Resources */,
				4074E38A22A66B6B0027BDD4 /* MyPostTableViewCell.xib in Resources */,
				4074E38522A663200027BDD4 /* yellowStar.png in Resources */,
				4058E27022A685F6009553E9 /* AddGroupCustomCell.xib in Resources */,
				406D519722486FAE0051086E /* LaunchScreen.storyboard in Resources */,
				AAF6BCF0224C639D007290D0 /* setting sun.JPG in Resources */,
				40BC7F88224C54E4005EC53C /* pinkhearts.png in Resources */,
				40BC7F86224C51B6005EC53C /* TopView.png in Resources */,
				40BC7F7E224B6197005EC53C /* MenuItemTableViewCell.xib in Resources */,
				4074E38622A663200027BDD4 /* star.png in Resources */,
				406D519422486FAE0051086E /* Assets.xcassets in Resources */,
				406D519222486FAD0051086E /* Main.storyboard in Resources */,
			);
			runOnlyForDeploymentPostprocessing = 0;
		};
		406D519B22486FAE0051086E /* Resources */ = {
			isa = PBXResourcesBuildPhase;
			buildActionMask = 2147483647;
			files = (
			);
			runOnlyForDeploymentPostprocessing = 0;
		};
		406D51A622486FAE0051086E /* Resources */ = {
			isa = PBXResourcesBuildPhase;
			buildActionMask = 2147483647;
			files = (
			);
			runOnlyForDeploymentPostprocessing = 0;
		};
/* End PBXResourcesBuildPhase section */

/* Begin PBXShellScriptBuildPhase section */
		3CDCADD00B88CE21579ADD77 /* [CP] Embed Pods Frameworks */ = {
			isa = PBXShellScriptBuildPhase;
			buildActionMask = 2147483647;
			files = (
			);
			inputFileListPaths = (
			);
			inputPaths = (
				"${SRCROOT}/Pods/Target Support Files/Pods-FavoriteSNS/Pods-FavoriteSNS-frameworks.sh",
				"${BUILT_PRODUCTS_DIR}/GTMSessionFetcher/GTMSessionFetcher.framework",
				"${BUILT_PRODUCTS_DIR}/GoogleToolboxForMac/GoogleToolboxForMac.framework",
				"${BUILT_PRODUCTS_DIR}/KYDrawerController/KYDrawerController.framework",
				"${BUILT_PRODUCTS_DIR}/Realm/Realm.framework",
				"${BUILT_PRODUCTS_DIR}/RealmSwift/RealmSwift.framework",
				"${BUILT_PRODUCTS_DIR}/leveldb-library/leveldb.framework",
				"${BUILT_PRODUCTS_DIR}/nanopb/nanopb.framework",
			);
			name = "[CP] Embed Pods Frameworks";
			outputFileListPaths = (
			);
			outputPaths = (
				"${TARGET_BUILD_DIR}/${FRAMEWORKS_FOLDER_PATH}/GTMSessionFetcher.framework",
				"${TARGET_BUILD_DIR}/${FRAMEWORKS_FOLDER_PATH}/GoogleToolboxForMac.framework",
				"${TARGET_BUILD_DIR}/${FRAMEWORKS_FOLDER_PATH}/KYDrawerController.framework",
				"${TARGET_BUILD_DIR}/${FRAMEWORKS_FOLDER_PATH}/Realm.framework",
				"${TARGET_BUILD_DIR}/${FRAMEWORKS_FOLDER_PATH}/RealmSwift.framework",
				"${TARGET_BUILD_DIR}/${FRAMEWORKS_FOLDER_PATH}/leveldb.framework",
				"${TARGET_BUILD_DIR}/${FRAMEWORKS_FOLDER_PATH}/nanopb.framework",
			);
			runOnlyForDeploymentPostprocessing = 0;
			shellPath = /bin/sh;
			shellScript = "\"${SRCROOT}/Pods/Target Support Files/Pods-FavoriteSNS/Pods-FavoriteSNS-frameworks.sh\"\n";
			showEnvVarsInLog = 0;
		};
		D3AD663A5ECE63214AE9521A /* [CP] Check Pods Manifest.lock */ = {
			isa = PBXShellScriptBuildPhase;
			buildActionMask = 2147483647;
			files = (
			);
			inputFileListPaths = (
			);
			inputPaths = (
				"${PODS_PODFILE_DIR_PATH}/Podfile.lock",
				"${PODS_ROOT}/Manifest.lock",
			);
			name = "[CP] Check Pods Manifest.lock";
			outputFileListPaths = (
			);
			outputPaths = (
				"$(DERIVED_FILE_DIR)/Pods-FavoriteSNS-checkManifestLockResult.txt",
			);
			runOnlyForDeploymentPostprocessing = 0;
			shellPath = /bin/sh;
			shellScript = "diff \"${PODS_PODFILE_DIR_PATH}/Podfile.lock\" \"${PODS_ROOT}/Manifest.lock\" > /dev/null\nif [ $? != 0 ] ; then\n    # print error to STDERR\n    echo \"error: The sandbox is not in sync with the Podfile.lock. Run 'pod install' or update your CocoaPods installation.\" >&2\n    exit 1\nfi\n# This output is used by Xcode 'outputs' to avoid re-running this script phase.\necho \"SUCCESS\" > \"${SCRIPT_OUTPUT_FILE_0}\"\n";
			showEnvVarsInLog = 0;
		};
/* End PBXShellScriptBuildPhase section */

/* Begin PBXSourcesBuildPhase section */
		406D518522486FAD0051086E /* Sources */ = {
			isa = PBXSourcesBuildPhase;
			buildActionMask = 2147483647;
			files = (
				4074E38F22A6766B0027BDD4 /* CustomCell.swift in Sources */,
				40BC7F5D2249B6CF005EC53C /* MakeGroupViewController.swift in Sources */,
				4058E25A22A67E04009553E9 /* AddGroupViewController.swift in Sources */,
				402A625E228AC129002D2DD8 /* MyPostViewController.swift in Sources */,
				40BC7F48224873B0005EC53C /* TopViewController.swift in Sources */,
				40BC7F81224B62E6005EC53C /* CustomDelegate.swift in Sources */,
				40BC7F6B224B15E7005EC53C /* FriendPostTableViewCell.swift in Sources */,
				402A6262228AC16D002D2DD8 /* SettingViewController.swift in Sources */,
				40BC7F532248B07D005EC53C /* Util.swift in Sources */,
				406D518D22486FAD0051086E /* AppDelegate.swift in Sources */,
				402A6264228AC181002D2DD8 /* QrcodeViewController.swift in Sources */,
				40BC7F72224B5ED2005EC53C /* MenuItemViewController.swift in Sources */,
				40BC7F652249CDB1005EC53C /* MakeContentsViewController.swift in Sources */,
				40BC7F5B2248CAEF005EC53C /* TimeLineViewController.swift in Sources */,
				40BC7F562248B493005EC53C /* Extension.swift in Sources */,
				402A6266228AC190002D2DD8 /* GroupViewController.swift in Sources */,
				40BC7F74224B5FE6005EC53C /* QRViewController.swift in Sources */,
				402A626C228ADA1E002D2DD8 /* Friend.swift in Sources */,
				40BC7F7D224B6197005EC53C /* MenuItemTableViewCell.swift in Sources */,
				402A6260228AC15C002D2DD8 /* CameraViewController.swift in Sources */,
				40BC7F632249BBDB005EC53C /* User.swift in Sources */,
				4074E38922A66B6B0027BDD4 /* MyPostTableViewCell.swift in Sources */,
				4058E26F22A685F6009553E9 /* AddGroupCustomCell.swift in Sources */,
				402A626A228AD37C002D2DD8 /* ChooseGroupViewController.swift in Sources */,
				40BC7F6E224B1DC6005EC53C /* Post.swift in Sources */,
			);
			runOnlyForDeploymentPostprocessing = 0;
		};
		406D519922486FAE0051086E /* Sources */ = {
			isa = PBXSourcesBuildPhase;
			buildActionMask = 2147483647;
			files = (
				406D51A222486FAE0051086E /* FavoriteSNSTests.swift in Sources */,
			);
			runOnlyForDeploymentPostprocessing = 0;
		};
		406D51A422486FAE0051086E /* Sources */ = {
			isa = PBXSourcesBuildPhase;
			buildActionMask = 2147483647;
			files = (
				406D51AD22486FAE0051086E /* FavoriteSNSUITests.swift in Sources */,
			);
			runOnlyForDeploymentPostprocessing = 0;
		};
/* End PBXSourcesBuildPhase section */

/* Begin PBXTargetDependency section */
		406D519F22486FAE0051086E /* PBXTargetDependency */ = {
			isa = PBXTargetDependency;
			target = 406D518822486FAD0051086E /* FavoriteSNS */;
			targetProxy = 406D519E22486FAE0051086E /* PBXContainerItemProxy */;
		};
		406D51AA22486FAE0051086E /* PBXTargetDependency */ = {
			isa = PBXTargetDependency;
			target = 406D518822486FAD0051086E /* FavoriteSNS */;
			targetProxy = 406D51A922486FAE0051086E /* PBXContainerItemProxy */;
		};
/* End PBXTargetDependency section */

/* Begin PBXVariantGroup section */
		406D519022486FAD0051086E /* Main.storyboard */ = {
			isa = PBXVariantGroup;
			children = (
				406D519122486FAD0051086E /* Base */,
			);
			name = Main.storyboard;
			sourceTree = "<group>";
		};
		406D519522486FAE0051086E /* LaunchScreen.storyboard */ = {
			isa = PBXVariantGroup;
			children = (
				406D519622486FAE0051086E /* Base */,
			);
			name = LaunchScreen.storyboard;
			sourceTree = "<group>";
		};
/* End PBXVariantGroup section */

/* Begin XCBuildConfiguration section */
		406D51AF22486FAE0051086E /* Debug */ = {
			isa = XCBuildConfiguration;
			buildSettings = {
				ALWAYS_SEARCH_USER_PATHS = NO;
				CLANG_ANALYZER_NONNULL = YES;
				CLANG_ANALYZER_NUMBER_OBJECT_CONVERSION = YES_AGGRESSIVE;
				CLANG_CXX_LANGUAGE_STANDARD = "gnu++14";
				CLANG_CXX_LIBRARY = "libc++";
				CLANG_ENABLE_MODULES = YES;
				CLANG_ENABLE_OBJC_ARC = YES;
				CLANG_ENABLE_OBJC_WEAK = YES;
				CLANG_WARN_BLOCK_CAPTURE_AUTORELEASING = YES;
				CLANG_WARN_BOOL_CONVERSION = YES;
				CLANG_WARN_COMMA = YES;
				CLANG_WARN_CONSTANT_CONVERSION = YES;
				CLANG_WARN_DEPRECATED_OBJC_IMPLEMENTATIONS = YES;
				CLANG_WARN_DIRECT_OBJC_ISA_USAGE = YES_ERROR;
				CLANG_WARN_DOCUMENTATION_COMMENTS = YES;
				CLANG_WARN_EMPTY_BODY = YES;
				CLANG_WARN_ENUM_CONVERSION = YES;
				CLANG_WARN_INFINITE_RECURSION = YES;
				CLANG_WARN_INT_CONVERSION = YES;
				CLANG_WARN_NON_LITERAL_NULL_CONVERSION = YES;
				CLANG_WARN_OBJC_IMPLICIT_RETAIN_SELF = YES;
				CLANG_WARN_OBJC_LITERAL_CONVERSION = YES;
				CLANG_WARN_OBJC_ROOT_CLASS = YES_ERROR;
				CLANG_WARN_RANGE_LOOP_ANALYSIS = YES;
				CLANG_WARN_STRICT_PROTOTYPES = YES;
				CLANG_WARN_SUSPICIOUS_MOVE = YES;
				CLANG_WARN_UNGUARDED_AVAILABILITY = YES_AGGRESSIVE;
				CLANG_WARN_UNREACHABLE_CODE = YES;
				CLANG_WARN__DUPLICATE_METHOD_MATCH = YES;
				CODE_SIGN_IDENTITY = "iPhone Developer";
				COPY_PHASE_STRIP = NO;
				DEBUG_INFORMATION_FORMAT = dwarf;
				ENABLE_STRICT_OBJC_MSGSEND = YES;
				ENABLE_TESTABILITY = YES;
				GCC_C_LANGUAGE_STANDARD = gnu11;
				GCC_DYNAMIC_NO_PIC = NO;
				GCC_NO_COMMON_BLOCKS = YES;
				GCC_OPTIMIZATION_LEVEL = 0;
				GCC_PREPROCESSOR_DEFINITIONS = (
					"DEBUG=1",
					"$(inherited)",
				);
				GCC_WARN_64_TO_32_BIT_CONVERSION = YES;
				GCC_WARN_ABOUT_RETURN_TYPE = YES_ERROR;
				GCC_WARN_UNDECLARED_SELECTOR = YES;
				GCC_WARN_UNINITIALIZED_AUTOS = YES_AGGRESSIVE;
				GCC_WARN_UNUSED_FUNCTION = YES;
				GCC_WARN_UNUSED_VARIABLE = YES;
				IPHONEOS_DEPLOYMENT_TARGET = 12.1;
				MTL_ENABLE_DEBUG_INFO = INCLUDE_SOURCE;
				MTL_FAST_MATH = YES;
				ONLY_ACTIVE_ARCH = YES;
				SDKROOT = iphoneos;
				SWIFT_ACTIVE_COMPILATION_CONDITIONS = DEBUG;
				SWIFT_OPTIMIZATION_LEVEL = "-Onone";
			};
			name = Debug;
		};
		406D51B022486FAE0051086E /* Release */ = {
			isa = XCBuildConfiguration;
			buildSettings = {
				ALWAYS_SEARCH_USER_PATHS = NO;
				CLANG_ANALYZER_NONNULL = YES;
				CLANG_ANALYZER_NUMBER_OBJECT_CONVERSION = YES_AGGRESSIVE;
				CLANG_CXX_LANGUAGE_STANDARD = "gnu++14";
				CLANG_CXX_LIBRARY = "libc++";
				CLANG_ENABLE_MODULES = YES;
				CLANG_ENABLE_OBJC_ARC = YES;
				CLANG_ENABLE_OBJC_WEAK = YES;
				CLANG_WARN_BLOCK_CAPTURE_AUTORELEASING = YES;
				CLANG_WARN_BOOL_CONVERSION = YES;
				CLANG_WARN_COMMA = YES;
				CLANG_WARN_CONSTANT_CONVERSION = YES;
				CLANG_WARN_DEPRECATED_OBJC_IMPLEMENTATIONS = YES;
				CLANG_WARN_DIRECT_OBJC_ISA_USAGE = YES_ERROR;
				CLANG_WARN_DOCUMENTATION_COMMENTS = YES;
				CLANG_WARN_EMPTY_BODY = YES;
				CLANG_WARN_ENUM_CONVERSION = YES;
				CLANG_WARN_INFINITE_RECURSION = YES;
				CLANG_WARN_INT_CONVERSION = YES;
				CLANG_WARN_NON_LITERAL_NULL_CONVERSION = YES;
				CLANG_WARN_OBJC_IMPLICIT_RETAIN_SELF = YES;
				CLANG_WARN_OBJC_LITERAL_CONVERSION = YES;
				CLANG_WARN_OBJC_ROOT_CLASS = YES_ERROR;
				CLANG_WARN_RANGE_LOOP_ANALYSIS = YES;
				CLANG_WARN_STRICT_PROTOTYPES = YES;
				CLANG_WARN_SUSPICIOUS_MOVE = YES;
				CLANG_WARN_UNGUARDED_AVAILABILITY = YES_AGGRESSIVE;
				CLANG_WARN_UNREACHABLE_CODE = YES;
				CLANG_WARN__DUPLICATE_METHOD_MATCH = YES;
				CODE_SIGN_IDENTITY = "iPhone Developer";
				COPY_PHASE_STRIP = NO;
				DEBUG_INFORMATION_FORMAT = "dwarf-with-dsym";
				ENABLE_NS_ASSERTIONS = NO;
				ENABLE_STRICT_OBJC_MSGSEND = YES;
				GCC_C_LANGUAGE_STANDARD = gnu11;
				GCC_NO_COMMON_BLOCKS = YES;
				GCC_WARN_64_TO_32_BIT_CONVERSION = YES;
				GCC_WARN_ABOUT_RETURN_TYPE = YES_ERROR;
				GCC_WARN_UNDECLARED_SELECTOR = YES;
				GCC_WARN_UNINITIALIZED_AUTOS = YES_AGGRESSIVE;
				GCC_WARN_UNUSED_FUNCTION = YES;
				GCC_WARN_UNUSED_VARIABLE = YES;
				IPHONEOS_DEPLOYMENT_TARGET = 12.1;
				MTL_ENABLE_DEBUG_INFO = NO;
				MTL_FAST_MATH = YES;
				SDKROOT = iphoneos;
				SWIFT_COMPILATION_MODE = wholemodule;
				SWIFT_OPTIMIZATION_LEVEL = "-O";
				VALIDATE_PRODUCT = YES;
			};
			name = Release;
		};
		406D51B222486FAE0051086E /* Debug */ = {
			isa = XCBuildConfiguration;
			baseConfigurationReference = 2E7ADF7DABFC240C6CA45CAA /* Pods-FavoriteSNS.debug.xcconfig */;
			buildSettings = {
				ASSETCATALOG_COMPILER_APPICON_NAME = AppIcon;
				CODE_SIGN_STYLE = Automatic;
				DEVELOPMENT_TEAM = V7EPKJW7KG;
				INFOPLIST_FILE = FavoriteSNS/Info.plist;
				IPHONEOS_DEPLOYMENT_TARGET = 11.0;
				LD_RUNPATH_SEARCH_PATHS = (
					"$(inherited)",
					"@executable_path/Frameworks",
				);
				PRODUCT_BUNDLE_IDENTIFIER = marinaharada.FavoriteSNS;
				PRODUCT_NAME = "$(TARGET_NAME)";
				SWIFT_VERSION = 4.2;
				TARGETED_DEVICE_FAMILY = "1,2";
			};
			name = Debug;
		};
		406D51B322486FAE0051086E /* Release */ = {
			isa = XCBuildConfiguration;
			baseConfigurationReference = 53C18270F5AD1553742D5804 /* Pods-FavoriteSNS.release.xcconfig */;
			buildSettings = {
				ASSETCATALOG_COMPILER_APPICON_NAME = AppIcon;
				CODE_SIGN_STYLE = Automatic;
				DEVELOPMENT_TEAM = V7EPKJW7KG;
				INFOPLIST_FILE = FavoriteSNS/Info.plist;
				IPHONEOS_DEPLOYMENT_TARGET = 11.0;
				LD_RUNPATH_SEARCH_PATHS = (
					"$(inherited)",
					"@executable_path/Frameworks",
				);
				PRODUCT_BUNDLE_IDENTIFIER = marinaharada.FavoriteSNS;
				PRODUCT_NAME = "$(TARGET_NAME)";
				SWIFT_VERSION = 4.2;
				TARGETED_DEVICE_FAMILY = "1,2";
			};
			name = Release;
		};
		406D51B522486FAE0051086E /* Debug */ = {
			isa = XCBuildConfiguration;
			buildSettings = {
				ALWAYS_EMBED_SWIFT_STANDARD_LIBRARIES = YES;
				BUNDLE_LOADER = "$(TEST_HOST)";
				CODE_SIGN_STYLE = Automatic;
				INFOPLIST_FILE = FavoriteSNSTests/Info.plist;
				LD_RUNPATH_SEARCH_PATHS = (
					"$(inherited)",
					"@executable_path/Frameworks",
					"@loader_path/Frameworks",
				);
				PRODUCT_BUNDLE_IDENTIFIER = marina.FavoriteSNSTests;
				PRODUCT_NAME = "$(TARGET_NAME)";
				SWIFT_VERSION = 4.2;
				TARGETED_DEVICE_FAMILY = "1,2";
				TEST_HOST = "$(BUILT_PRODUCTS_DIR)/FavoriteSNS.app/FavoriteSNS";
			};
			name = Debug;
		};
		406D51B622486FAE0051086E /* Release */ = {
			isa = XCBuildConfiguration;
			buildSettings = {
				ALWAYS_EMBED_SWIFT_STANDARD_LIBRARIES = YES;
				BUNDLE_LOADER = "$(TEST_HOST)";
				CODE_SIGN_STYLE = Automatic;
				INFOPLIST_FILE = FavoriteSNSTests/Info.plist;
				LD_RUNPATH_SEARCH_PATHS = (
					"$(inherited)",
					"@executable_path/Frameworks",
					"@loader_path/Frameworks",
				);
				PRODUCT_BUNDLE_IDENTIFIER = marina.FavoriteSNSTests;
				PRODUCT_NAME = "$(TARGET_NAME)";
				SWIFT_VERSION = 4.2;
				TARGETED_DEVICE_FAMILY = "1,2";
				TEST_HOST = "$(BUILT_PRODUCTS_DIR)/FavoriteSNS.app/FavoriteSNS";
			};
			name = Release;
		};
		406D51B822486FAE0051086E /* Debug */ = {
			isa = XCBuildConfiguration;
			buildSettings = {
				ALWAYS_EMBED_SWIFT_STANDARD_LIBRARIES = YES;
				CODE_SIGN_STYLE = Automatic;
				INFOPLIST_FILE = FavoriteSNSUITests/Info.plist;
				LD_RUNPATH_SEARCH_PATHS = (
					"$(inherited)",
					"@executable_path/Frameworks",
					"@loader_path/Frameworks",
				);
				PRODUCT_BUNDLE_IDENTIFIER = marina.FavoriteSNSUITests;
				PRODUCT_NAME = "$(TARGET_NAME)";
				SWIFT_VERSION = 4.2;
				TARGETED_DEVICE_FAMILY = "1,2";
				TEST_TARGET_NAME = FavoriteSNS;
			};
			name = Debug;
		};
		406D51B922486FAE0051086E /* Release */ = {
			isa = XCBuildConfiguration;
			buildSettings = {
				ALWAYS_EMBED_SWIFT_STANDARD_LIBRARIES = YES;
				CODE_SIGN_STYLE = Automatic;
				INFOPLIST_FILE = FavoriteSNSUITests/Info.plist;
				LD_RUNPATH_SEARCH_PATHS = (
					"$(inherited)",
					"@executable_path/Frameworks",
					"@loader_path/Frameworks",
				);
				PRODUCT_BUNDLE_IDENTIFIER = marina.FavoriteSNSUITests;
				PRODUCT_NAME = "$(TARGET_NAME)";
				SWIFT_VERSION = 4.2;
				TARGETED_DEVICE_FAMILY = "1,2";
				TEST_TARGET_NAME = FavoriteSNS;
			};
			name = Release;
		};
/* End XCBuildConfiguration section */

/* Begin XCConfigurationList section */
		406D518422486FAD0051086E /* Build configuration list for PBXProject "FavoriteSNS" */ = {
			isa = XCConfigurationList;
			buildConfigurations = (
				406D51AF22486FAE0051086E /* Debug */,
				406D51B022486FAE0051086E /* Release */,
			);
			defaultConfigurationIsVisible = 0;
			defaultConfigurationName = Release;
		};
		406D51B122486FAE0051086E /* Build configuration list for PBXNativeTarget "FavoriteSNS" */ = {
			isa = XCConfigurationList;
			buildConfigurations = (
				406D51B222486FAE0051086E /* Debug */,
				406D51B322486FAE0051086E /* Release */,
			);
			defaultConfigurationIsVisible = 0;
			defaultConfigurationName = Release;
		};
		406D51B422486FAE0051086E /* Build configuration list for PBXNativeTarget "FavoriteSNSTests" */ = {
			isa = XCConfigurationList;
			buildConfigurations = (
				406D51B522486FAE0051086E /* Debug */,
				406D51B622486FAE0051086E /* Release */,
			);
			defaultConfigurationIsVisible = 0;
			defaultConfigurationName = Release;
		};
		406D51B722486FAE0051086E /* Build configuration list for PBXNativeTarget "FavoriteSNSUITests" */ = {
			isa = XCConfigurationList;
			buildConfigurations = (
				406D51B822486FAE0051086E /* Debug */,
				406D51B922486FAE0051086E /* Release */,
			);
			defaultConfigurationIsVisible = 0;
			defaultConfigurationName = Release;
		};
/* End XCConfigurationList section */
	};
	rootObject = 406D518122486FAD0051086E /* Project object */;
}
